// !$*UTF8*$!
{
	archiveVersion = 1;
	classes = {
	};
	objectVersion = 46;
	objects = {

/* Begin PBXBuildFile section */
		D62D55091DEE7794008748CB /* AppDelegate.swift in Sources */ = {isa = PBXBuildFile; fileRef = D62D55081DEE7794008748CB /* AppDelegate.swift */; };
		D62D550B1DEE7794008748CB /* ViewController.swift in Sources */ = {isa = PBXBuildFile; fileRef = D62D550A1DEE7794008748CB /* ViewController.swift */; };
		D62D550E1DEE7794008748CB /* Main.storyboard in Resources */ = {isa = PBXBuildFile; fileRef = D62D550C1DEE7794008748CB /* Main.storyboard */; };
		D62D55101DEE7794008748CB /* Assets.xcassets in Resources */ = {isa = PBXBuildFile; fileRef = D62D550F1DEE7794008748CB /* Assets.xcassets */; };
		D62D55131DEE7794008748CB /* LaunchScreen.storyboard in Resources */ = {isa = PBXBuildFile; fileRef = D62D55111DEE7794008748CB /* LaunchScreen.storyboard */; };
		D62D551F1DEE86E2008748CB /* HanderViewController.swift in Sources */ = {isa = PBXBuildFile; fileRef = D62D551E1DEE86E2008748CB /* HanderViewController.swift */; };
/* End PBXBuildFile section */

/* Begin PBXFileReference section */
		D62D55051DEE7794008748CB /* Handel.app */ = {isa = PBXFileReference; explicitFileType = wrapper.application; includeInIndex = 0; path = Handel.app; sourceTree = BUILT_PRODUCTS_DIR; };
		D62D55081DEE7794008748CB /* AppDelegate.swift */ = {isa = PBXFileReference; lastKnownFileType = sourcecode.swift; path = AppDelegate.swift; sourceTree = "<group>"; };
		D62D550A1DEE7794008748CB /* ViewController.swift */ = {isa = PBXFileReference; lastKnownFileType = sourcecode.swift; path = ViewController.swift; sourceTree = "<group>"; };
		D62D550D1DEE7794008748CB /* Base */ = {isa = PBXFileReference; lastKnownFileType = file.storyboard; name = Base; path = Base.lproj/Main.storyboard; sourceTree = "<group>"; };
		D62D550F1DEE7794008748CB /* Assets.xcassets */ = {isa = PBXFileReference; lastKnownFileType = folder.assetcatalog; path = Assets.xcassets; sourceTree = "<group>"; };
		D62D55121DEE7794008748CB /* Base */ = {isa = PBXFileReference; lastKnownFileType = file.storyboard; name = Base; path = Base.lproj/LaunchScreen.storyboard; sourceTree = "<group>"; };
		D62D55141DEE7794008748CB /* Info.plist */ = {isa = PBXFileReference; lastKnownFileType = text.plist.xml; path = Info.plist; sourceTree = "<group>"; };
		D62D551E1DEE86E2008748CB /* HanderViewController.swift */ = {isa = PBXFileReference; fileEncoding = 4; lastKnownFileType = sourcecode.swift; path = HanderViewController.swift; sourceTree = "<group>"; };
/* End PBXFileReference section */

/* Begin PBXFrameworksBuildPhase section */
		D62D55021DEE7794008748CB /* Frameworks */ = {
			isa = PBXFrameworksBuildPhase;
			buildActionMask = 2147483647;
			files = (
			);
			runOnlyForDeploymentPostprocessing = 0;
		};
/* End PBXFrameworksBuildPhase section */

/* Begin PBXGroup section */
		D62D54FC1DEE7794008748CB = {
			isa = PBXGroup;
			children = (
				D62D55071DEE7794008748CB /* Handel */,
				D62D55061DEE7794008748CB /* Products */,
			);
			sourceTree = "<group>";
		};
		D62D55061DEE7794008748CB /* Products */ = {
			isa = PBXGroup;
			children = (
				D62D55051DEE7794008748CB /* Handel.app */,
			);
			name = Products;
			sourceTree = "<group>";
		};
		D62D55071DEE7794008748CB /* Handel */ = {
			isa = PBXGroup;
			children = (
				D62D55081DEE7794008748CB /* AppDelegate.swift */,
				D62D550A1DEE7794008748CB /* ViewController.swift */,
				D62D551E1DEE86E2008748CB /* HanderViewController.swift */,
				D62D550C1DEE7794008748CB /* Main.storyboard */,
				D62D550F1DEE7794008748CB /* Assets.xcassets */,
				D62D55111DEE7794008748CB /* LaunchScreen.storyboard */,
				D62D55141DEE7794008748CB /* Info.plist */,
			);
			path = Handel;
			sourceTree = "<group>";
		};
/* End PBXGroup section */

/* Begin PBXNativeTarget section */
		D62D55041DEE7794008748CB /* Handel */ = {
			isa = PBXNativeTarget;
			buildConfigurationList = D62D55171DEE7794008748CB /* Build configuration list for PBXNativeTarget "Handel" */;
			buildPhases = (
				D62D55011DEE7794008748CB /* Sources */,
				D62D55021DEE7794008748CB /* Frameworks */,
				D62D55031DEE7794008748CB /* Resources */,
			);
			buildRules = (
			);
			dependencies = (
			);
			name = Handel;
			productName = Handel;
			productReference = D62D55051DEE7794008748CB /* Handel.app */;
			productType = "com.apple.product-type.application";
		};
/* End PBXNativeTarget section */

/* Begin PBXProject section */
		D62D54FD1DEE7794008748CB /* Project object */ = {
			isa = PBXProject;
			attributes = {
				LastSwiftUpdateCheck = 0810;
				LastUpgradeCheck = 0810;
				ORGANIZATIONNAME = sqluo;
				TargetAttributes = {
					D62D55041DEE7794008748CB = {
						CreatedOnToolsVersion = 8.1;
						DevelopmentTeam = NP7D9SC777;
						ProvisioningStyle = Automatic;
					};
				};
			};
			buildConfigurationList = D62D55001DEE7794008748CB /* Build configuration list for PBXProject "Handel" */;
			compatibilityVersion = "Xcode 3.2";
			developmentRegion = English;
			hasScannedForEncodings = 0;
			knownRegions = (
				en,
				Base,
			);
			mainGroup = D62D54FC1DEE7794008748CB;
			productRefGroup = D62D55061DEE7794008748CB /* Products */;
			projectDirPath = "";
			projectRoot = "";
			targets = (
				D62D55041DEE7794008748CB /* Handel */,
			);
		};
/* End PBXProject section */

/* Begin PBXResourcesBuildPhase section */
		D62D55031DEE7794008748CB /* Resources */ = {
			isa = PBXResourcesBuildPhase;
			buildActionMask = 2147483647;
			files = (
				D62D55131DEE7794008748CB /* LaunchScreen.storyboard in Resources */,
				D62D55101DEE7794008748CB /* Assets.xcassets in Resources */,
				D62D550E1DEE7794008748CB /* Main.storyboard in Resources */,
			);
			runOnlyForDeploymentPostprocessing = 0;
		};
/* End PBXResourcesBuildPhase section */

/* Begin PBXSourcesBuildPhase section */
		D62D55011DEE7794008748CB /* Sources */ = {
			isa = PBXSourcesBuildPhase;
			buildActionMask = 2147483647;
			files = (
				D62D550B1DEE7794008748CB /* ViewController.swift in Sources */,
				D62D551F1DEE86E2008748CB /* HanderViewController.swift in Sources */,
				D62D55091DEE7794008748CB /* AppDelegate.swift in Sources */,
			);
			runOnlyForDeploymentPostprocessing = 0;
		};
/* End PBXSourcesBuildPhase section */

/* Begin PBXVariantGroup section */
		D62D550C1DEE7794008748CB /* Main.storyboard */ = {
			isa = PBXVariantGroup;
			children = (
				D62D550D1DEE7794008748CB /* Base */,
			);
			name = Main.storyboard;
			sourceTree = "<group>";
		};
		D62D55111DEE7794008748CB /* LaunchScreen.storyboard */ = {
			isa = PBXVariantGroup;
			children = (
				D62D55121DEE7794008748CB /* Base */,
			);
			name = LaunchScreen.storyboard;
			sourceTree = "<group>";
		};
/* End PBXVariantGroup section */

/* Begin XCBuildConfiguration section */
		D62D55151DEE7794008748CB /* Debug */ = {
			isa = XCBuildConfiguration;
			buildSettings = {
				ALWAYS_SEARCH_USER_PATHS = NO;
				CLANG_ANALYZER_NONNULL = YES;
				CLANG_CXX_LANGUAGE_STANDARD = "gnu++0x";
				CLANG_CXX_LIBRARY = "libc++";
				CLANG_ENABLE_MODULES = YES;
				CLANG_ENABLE_OBJC_ARC = YES;
				CLANG_WARN_BOOL_CONVERSION = YES;
				CLANG_WARN_CONSTANT_CONVERSION = YES;
				CLANG_WARN_DIRECT_OBJC_ISA_USAGE = YES_ERROR;
				CLANG_WARN_DOCUMENTATION_COMMENTS = YES;
				CLANG_WARN_EMPTY_BODY = YES;
				CLANG_WARN_ENUM_CONVERSION = YES;
				CLANG_WARN_INFINITE_RECURSION = YES;
				CLANG_WARN_INT_CONVERSION = YES;
				CLANG_WARN_OBJC_ROOT_CLASS = YES_ERROR;
				CLANG_WARN_SUSPICIOUS_MOVES = YES;
				CLANG_WARN_UNREACHABLE_CODE = YES;
				CLANG_WARN__DUPLICATE_METHOD_MATCH = YES;
				"CODE_SIGN_IDENTITY[sdk=iphoneos*]" = "iPhone Developer";
				COPY_PHASE_STRIP = NO;
				DEBUG_INFORMATION_FORMAT = dwarf;
				ENABLE_STRICT_OBJC_MSGSEND = YES;
				ENABLE_TESTABILITY = YES;
				GCC_C_LANGUAGE_STANDARD = gnu99;
				GCC_DYNAMIC_NO_PIC = NO;
				GCC_NO_COMMON_BLOCKS = YES;
				GCC_OPTIMIZATION_LEVEL = 0;
				GCC_PREPROCESSOR_DEFINITIONS = (
					"DEBUG=1",
					"$(inherited)",
				);
				GCC_WARN_64_TO_32_BIT_CONVERSION = YES;
				GCC_WARN_ABOUT_RETURN_TYPE = YES_ERROR;
				GCC_WARN_UNDECLARED_SELECTOR = YES;
				GCC_WARN_UNINITIALIZED_AUTOS = YES_AGGRESSIVE;
				GCC_WARN_UNUSED_FUNCTION = YES;
				GCC_WARN_UNUSED_VARIABLE = YES;
				IPHONEOS_DEPLOYMENT_TARGET = 10.1;
				MTL_ENABLE_DEBUG_INFO = YES;
				ONLY_ACTIVE_ARCH = YES;
				SDKROOT = iphoneos;
				SWIFT_ACTIVE_COMPILATION_CONDITIONS = DEBUG;
				SWIFT_OPTIMIZATION_LEVEL = "-Onone";
			};
			name = Debug;
		};
		D62D55161DEE7794008748CB /* Release */ = {
			isa = XCBuildConfiguration;
			buildSettings = {
				ALWAYS_SEARCH_USER_PATHS = NO;
				CLANG_ANALYZER_NONNULL = YES;
				CLANG_CXX_LANGUAGE_STANDARD = "gnu++0x";
				CLANG_CXX_LIBRARY = "libc++";
				CLANG_ENABLE_MODULES = YES;
				CLANG_ENABLE_OBJC_ARC = YES;
				CLANG_WARN_BOOL_CONVERSION = YES;
				CLANG_WARN_CONSTANT_CONVERSION = YES;
				CLANG_WARN_DIRECT_OBJC_ISA_USAGE = YES_ERROR;
				CLANG_WARN_DOCUMENTATION_COMMENTS = YES;
				CLANG_WARN_EMPTY_BODY = YES;
				CLANG_WARN_ENUM_CONVERSION = YES;
				CLANG_WARN_INFINITE_RECURSION = YES;
				CLANG_WARN_INT_CONVERSION = YES;
				CLANG_WARN_OBJC_ROOT_CLASS = YES_ERROR;
				CLANG_WARN_SUSPICIOUS_MOVES = YES;
				CLANG_WARN_UNREACHABLE_CODE = YES;
				CLANG_WARN__DUPLICATE_METHOD_MATCH = YES;
				"CODE_SIGN_IDENTITY[sdk=iphoneos*]" = "iPhone Developer";
				COPY_PHASE_STRIP = NO;
				DEBUG_INFORMATION_FORMAT = "dwarf-with-dsym";
				ENABLE_NS_ASSERTIONS = NO;
				ENABLE_STRICT_OBJC_MSGSEND = YES;
				GCC_C_LANGUAGE_STANDARD = gnu99;
				GCC_NO_COMMON_BLOCKS = YES;
				GCC_WARN_64_TO_32_BIT_CONVERSION = YES;
				GCC_WARN_ABOUT_RETURN_TYPE = YES_ERROR;
				GCC_WARN_UNDECLARED_SELECTOR = YES;
				GCC_WARN_UNINITIALIZED_AUTOS = YES_AGGRESSIVE;
				GCC_WARN_UNUSED_FUNCTION = YES;
				GCC_WARN_UNUSED_VARIABLE = YES;
				IPHONEOS_DEPLOYMENT_TARGET = 10.1;
				MTL_ENABLE_DEBUG_INFO = NO;
				SDKROOT = iphoneos;
				SWIFT_OPTIMIZATION_LEVEL = "-Owholemodule";
				VALIDATE_PRODUCT = YES;
			};
			name = Release;
		};
		D62D55181DEE7794008748CB /* Debug */ = {
			isa = XCBuildConfiguration;
			buildSettings = {
				ASSETCATALOG_COMPILER_APPICON_NAME = AppIcon;
				DEVELOPMENT_TEAM = NP7D9SC777;
				INFOPLIST_FILE = Handel/Info.plist;
				LD_RUNPATH_SEARCH_PATHS = "$(inherited) @executable_path/Frameworks";
				PRODUCT_BUNDLE_IDENTIFIER = com.sql.Handel;
				PRODUCT_NAME = "$(TARGET_NAME)";
				SWIFT_VERSION = 3.0;
			};
			name = Debug;
		};
		D62D55191DEE7794008748CB /* Release */ = {
			isa = XCBuildConfiguration;
			buildSettings = {
				ASSETCATALOG_COMPILER_APPICON_NAME = AppIcon;
				DEVELOPMENT_TEAM = NP7D9SC777;
				INFOPLIST_FILE = Handel/Info.plist;
				LD_RUNPATH_SEARCH_PATHS = "$(inherited) @executable_path/Frameworks";
				PRODUCT_BUNDLE_IDENTIFIER = com.sql.Handel;
				PRODUCT_NAME = "$(TARGET_NAME)";
				SWIFT_VERSION = 3.0;
			};
			name = Release;
		};
/* End XCBuildConfiguration section */

/* Begin XCConfigurationList section */
		D62D55001DEE7794008748CB /* Build configuration list for PBXProject "Handel" */ = {
			isa = XCConfigurationList;
			buildConfigurations = (
				D62D55151DEE7794008748CB /* Debug */,
				D62D55161DEE7794008748CB /* Release */,
			);
			defaultConfigurationIsVisible = 0;
			defaultConfigurationName = Release;
		};
		D62D55171DEE7794008748CB /* Build configuration list for PBXNativeTarget "Handel" */ = {
			isa = XCConfigurationList;
			buildConfigurations = (
				D62D55181DEE7794008748CB /* Debug */,
				D62D55191DEE7794008748CB /* Release */,
			);
			defaultConfigurationIsVisible = 0;
		};
/* End XCConfigurationList section */
	};
	rootObject = D62D54FD1DEE7794008748CB /* Project object */;
}
